// !$*UTF8*$!
{
	archiveVersion = 1;
	classes = {
	};
	objectVersion = 50;
	objects = {

/* Begin PBXBuildFile section */
		4C0A383021BDEC43003E70EF /* AppDelegate.swift in Sources */ = {isa = PBXBuildFile; fileRef = 4C0A382F21BDEC43003E70EF /* AppDelegate.swift */; };
		4C0A383221BDEC43003E70EF /* ViewController.swift in Sources */ = {isa = PBXBuildFile; fileRef = 4C0A383121BDEC43003E70EF /* ViewController.swift */; };
		4C0A383521BDEC43003E70EF /* Main.storyboard in Resources */ = {isa = PBXBuildFile; fileRef = 4C0A383321BDEC43003E70EF /* Main.storyboard */; };
		4C0A383721BDEC44003E70EF /* Assets.xcassets in Resources */ = {isa = PBXBuildFile; fileRef = 4C0A383621BDEC44003E70EF /* Assets.xcassets */; };
		4C0A383A21BDEC44003E70EF /* LaunchScreen.storyboard in Resources */ = {isa = PBXBuildFile; fileRef = 4C0A383821BDEC44003E70EF /* LaunchScreen.storyboard */; };
		4C0A384221BDED10003E70EF /* Podfile in Resources */ = {isa = PBXBuildFile; fileRef = 4C0A384121BDED10003E70EF /* Podfile */; };
		4C5F2C6921BE1D7800E81521 /* RequestClient.swift in Sources */ = {isa = PBXBuildFile; fileRef = 4C5F2C6821BE1D7800E81521 /* RequestClient.swift */; };
		996526FF3358FBF43A5638B6 /* Pods_httprequest.framework in Frameworks */ = {isa = PBXBuildFile; fileRef = B2045F91A3F2FE0EA5E41C0E /* Pods_httprequest.framework */; };
/* End PBXBuildFile section */

/* Begin PBXFileReference section */
		2BC85ED1AD4DC7D9F6417E5A /* Pods-httprequest.debug.xcconfig */ = {isa = PBXFileReference; includeInIndex = 1; lastKnownFileType = text.xcconfig; name = "Pods-httprequest.debug.xcconfig"; path = "Pods/Target Support Files/Pods-httprequest/Pods-httprequest.debug.xcconfig"; sourceTree = "<group>"; };
		4C0A382C21BDEC43003E70EF /* httprequest.app */ = {isa = PBXFileReference; explicitFileType = wrapper.application; includeInIndex = 0; path = httprequest.app; sourceTree = BUILT_PRODUCTS_DIR; };
		4C0A382F21BDEC43003E70EF /* AppDelegate.swift */ = {isa = PBXFileReference; lastKnownFileType = sourcecode.swift; path = AppDelegate.swift; sourceTree = "<group>"; };
		4C0A383121BDEC43003E70EF /* ViewController.swift */ = {isa = PBXFileReference; lastKnownFileType = sourcecode.swift; path = ViewController.swift; sourceTree = "<group>"; };
		4C0A383421BDEC43003E70EF /* Base */ = {isa = PBXFileReference; lastKnownFileType = file.storyboard; name = Base; path = Base.lproj/Main.storyboard; sourceTree = "<group>"; };
		4C0A383621BDEC44003E70EF /* Assets.xcassets */ = {isa = PBXFileReference; lastKnownFileType = folder.assetcatalog; path = Assets.xcassets; sourceTree = "<group>"; };
		4C0A383921BDEC44003E70EF /* Base */ = {isa = PBXFileReference; lastKnownFileType = file.storyboard; name = Base; path = Base.lproj/LaunchScreen.storyboard; sourceTree = "<group>"; };
		4C0A383B21BDEC44003E70EF /* Info.plist */ = {isa = PBXFileReference; lastKnownFileType = text.plist.xml; path = Info.plist; sourceTree = "<group>"; };
		4C0A384121BDED10003E70EF /* Podfile */ = {isa = PBXFileReference; fileEncoding = 4; lastKnownFileType = text; path = Podfile; sourceTree = "<group>"; xcLanguageSpecificationIdentifier = xcode.lang.ruby; };
		4C5F2C6821BE1D7800E81521 /* RequestClient.swift */ = {isa = PBXFileReference; lastKnownFileType = sourcecode.swift; path = RequestClient.swift; sourceTree = "<group>"; };
		59A564CD139124C1F5ADEAEC /* Pods-httprequest.release.xcconfig */ = {isa = PBXFileReference; includeInIndex = 1; lastKnownFileType = text.xcconfig; name = "Pods-httprequest.release.xcconfig"; path = "Pods/Target Support Files/Pods-httprequest/Pods-httprequest.release.xcconfig"; sourceTree = "<group>"; };
		B2045F91A3F2FE0EA5E41C0E /* Pods_httprequest.framework */ = {isa = PBXFileReference; explicitFileType = wrapper.framework; includeInIndex = 0; path = Pods_httprequest.framework; sourceTree = BUILT_PRODUCTS_DIR; };
/* End PBXFileReference section */

/* Begin PBXFrameworksBuildPhase section */
		4C0A382921BDEC43003E70EF /* Frameworks */ = {
			isa = PBXFrameworksBuildPhase;
			buildActionMask = 2147483647;
			files = (
				996526FF3358FBF43A5638B6 /* Pods_httprequest.framework in Frameworks */,
			);
			runOnlyForDeploymentPostprocessing = 0;
		};
/* End PBXFrameworksBuildPhase section */

/* Begin PBXGroup section */
		360707418D114631A890F8EA /* Frameworks */ = {
			isa = PBXGroup;
			children = (
				B2045F91A3F2FE0EA5E41C0E /* Pods_httprequest.framework */,
			);
			name = Frameworks;
			sourceTree = "<group>";
		};
		4C0A382321BDEC43003E70EF = {
			isa = PBXGroup;
			children = (
				4C0A384121BDED10003E70EF /* Podfile */,
				4C0A382E21BDEC43003E70EF /* httprequest */,
				4C0A382D21BDEC43003E70EF /* Products */,
				860E9720A2804BDD45361EB5 /* Pods */,
				360707418D114631A890F8EA /* Frameworks */,
			);
			sourceTree = "<group>";
		};
		4C0A382D21BDEC43003E70EF /* Products */ = {
			isa = PBXGroup;
			children = (
				4C0A382C21BDEC43003E70EF /* httprequest.app */,
			);
			name = Products;
			sourceTree = "<group>";
		};
		4C0A382E21BDEC43003E70EF /* httprequest */ = {
			isa = PBXGroup;
			children = (
				4C0A382F21BDEC43003E70EF /* AppDelegate.swift */,
				4C0A383121BDEC43003E70EF /* ViewController.swift */,
				4C0A383321BDEC43003E70EF /* Main.storyboard */,
				4C0A383621BDEC44003E70EF /* Assets.xcassets */,
				4C0A383821BDEC44003E70EF /* LaunchScreen.storyboard */,
				4C0A383B21BDEC44003E70EF /* Info.plist */,
				4C5F2C6821BE1D7800E81521 /* RequestClient.swift */,
			);
			path = httprequest;
			sourceTree = "<group>";
		};
		860E9720A2804BDD45361EB5 /* Pods */ = {
			isa = PBXGroup;
			children = (
				2BC85ED1AD4DC7D9F6417E5A /* Pods-httprequest.debug.xcconfig */,
				59A564CD139124C1F5ADEAEC /* Pods-httprequest.release.xcconfig */,
			);
			name = Pods;
			sourceTree = "<group>";
		};
/* End PBXGroup section */

/* Begin PBXNativeTarget section */
		4C0A382B21BDEC43003E70EF /* httprequest */ = {
			isa = PBXNativeTarget;
			buildConfigurationList = 4C0A383E21BDEC44003E70EF /* Build configuration list for PBXNativeTarget "httprequest" */;
			buildPhases = (
				9E132B508518DB34C4BB2FD7 /* [CP] Check Pods Manifest.lock */,
				4C0A382821BDEC43003E70EF /* Sources */,
				4C0A382921BDEC43003E70EF /* Frameworks */,
				4C0A382A21BDEC43003E70EF /* Resources */,
				CD9C650FC666EC97E61D9F8B /* [CP] Embed Pods Frameworks */,
			);
			buildRules = (
			);
			dependencies = (
			);
			name = httprequest;
			productName = httprequest;
			productReference = 4C0A382C21BDEC43003E70EF /* httprequest.app */;
			productType = "com.apple.product-type.application";
		};
/* End PBXNativeTarget section */

/* Begin PBXProject section */
		4C0A382421BDEC43003E70EF /* Project object */ = {
			isa = PBXProject;
			attributes = {
				LastSwiftUpdateCheck = 1010;
				LastUpgradeCheck = 1010;
				ORGANIZATIONNAME = "Michael James";
				TargetAttributes = {
					4C0A382B21BDEC43003E70EF = {
						CreatedOnToolsVersion = 10.1;
					};
				};
			};
			buildConfigurationList = 4C0A382721BDEC43003E70EF /* Build configuration list for PBXProject "httprequest" */;
			compatibilityVersion = "Xcode 9.3";
			developmentRegion = en;
			hasScannedForEncodings = 0;
			knownRegions = (
				en,
				Base,
			);
			mainGroup = 4C0A382321BDEC43003E70EF;
			productRefGroup = 4C0A382D21BDEC43003E70EF /* Products */;
			projectDirPath = "";
			projectRoot = "";
			targets = (
				4C0A382B21BDEC43003E70EF /* httprequest */,
			);
		};
/* End PBXProject section */

/* Begin PBXResourcesBuildPhase section */
		4C0A382A21BDEC43003E70EF /* Resources */ = {
			isa = PBXResourcesBuildPhase;
			buildActionMask = 2147483647;
			files = (
				4C0A383A21BDEC44003E70EF /* LaunchScreen.storyboard in Resources */,
				4C0A383721BDEC44003E70EF /* Assets.xcassets in Resources */,
				4C0A384221BDED10003E70EF /* Podfile in Resources */,
				4C0A383521BDEC43003E70EF /* Main.storyboard in Resources */,
			);
			runOnlyForDeploymentPostprocessing = 0;
		};
/* End PBXResourcesBuildPhase section */

/* Begin PBXShellScriptBuildPhase section */
		9E132B508518DB34C4BB2FD7 /* [CP] Check Pods Manifest.lock */ = {
			isa = PBXShellScriptBuildPhase;
			buildActionMask = 2147483647;
			files = (
			);
			inputFileListPaths = (
			);
			inputPaths = (
				"${PODS_PODFILE_DIR_PATH}/Podfile.lock",
				"${PODS_ROOT}/Manifest.lock",
			);
			name = "[CP] Check Pods Manifest.lock";
			outputFileListPaths = (
			);
			outputPaths = (
				"$(DERIVED_FILE_DIR)/Pods-httprequest-checkManifestLockResult.txt",
			);
			runOnlyForDeploymentPostprocessing = 0;
			shellPath = /bin/sh;
			shellScript = "diff \"${PODS_PODFILE_DIR_PATH}/Podfile.lock\" \"${PODS_ROOT}/Manifest.lock\" > /dev/null\nif [ $? != 0 ] ; then\n    # print error to STDERR\n    echo \"error: The sandbox is not in sync with the Podfile.lock. Run 'pod install' or update your CocoaPods installation.\" >&2\n    exit 1\nfi\n# This output is used by Xcode 'outputs' to avoid re-running this script phase.\necho \"SUCCESS\" > \"${SCRIPT_OUTPUT_FILE_0}\"\n";
			showEnvVarsInLog = 0;
		};
		CD9C650FC666EC97E61D9F8B /* [CP] Embed Pods Frameworks */ = {
			isa = PBXShellScriptBuildPhase;
			buildActionMask = 2147483647;
			files = (
			);
			inputFileListPaths = (
			);
			inputPaths = (
				"${SRCROOT}/Pods/Target Support Files/Pods-httprequest/Pods-httprequest-frameworks.sh",
				"${BUILT_PRODUCTS_DIR}/Alamofire/Alamofire.framework",
				"${BUILT_PRODUCTS_DIR}/SwiftyJSON/SwiftyJSON.framework",
			);
			name = "[CP] Embed Pods Frameworks";
			outputFileListPaths = (
			);
			outputPaths = (
				"${TARGET_BUILD_DIR}/${FRAMEWORKS_FOLDER_PATH}/Alamofire.framework",
				"${TARGET_BUILD_DIR}/${FRAMEWORKS_FOLDER_PATH}/SwiftyJSON.framework",
			);
			runOnlyForDeploymentPostprocessing = 0;
			shellPath = /bin/sh;
			shellScript = "\"${SRCROOT}/Pods/Target Support Files/Pods-httprequest/Pods-httprequest-frameworks.sh\"\n";
			showEnvVarsInLog = 0;
		};
/* End PBXShellScriptBuildPhase section */

/* Begin PBXSourcesBuildPhase section */
		4C0A382821BDEC43003E70EF /* Sources */ = {
			isa = PBXSourcesBuildPhase;
			buildActionMask = 2147483647;
			files = (
				4C0A383221BDEC43003E70EF /* ViewController.swift in Sources */,
				4C0A383021BDEC43003E70EF /* AppDelegate.swift in Sources */,
				4C5F2C6921BE1D7800E81521 /* RequestClient.swift in Sources */,
			);
			runOnlyForDeploymentPostprocessing = 0;
		};
/* End PBXSourcesBuildPhase section */

/* Begin PBXVariantGroup section */
		4C0A383321BDEC43003E70EF /* Main.storyboard */ = {
			isa = PBXVariantGroup;
			children = (
				4C0A383421BDEC43003E70EF /* Base */,
			);
			name = Main.storyboard;
			sourceTree = "<group>";
		};
		4C0A383821BDEC44003E70EF /* LaunchScreen.storyboard */ = {
			isa = PBXVariantGroup;
			children = (
				4C0A383921BDEC44003E70EF /* Base */,
			);
			name = LaunchScreen.storyboard;
			sourceTree = "<group>";
		};
/* End PBXVariantGroup section */

/* Begin XCBuildConfiguration section */
		4C0A383C21BDEC44003E70EF /* Debug */ = {
			isa = XCBuildConfiguration;
			buildSettings = {
				ALWAYS_SEARCH_USER_PATHS = NO;
				CLANG_ANALYZER_NONNULL = YES;
				CLANG_ANALYZER_NUMBER_OBJECT_CONVERSION = YES_AGGRESSIVE;
				CLANG_CXX_LANGUAGE_STANDARD = "gnu++14";
				CLANG_CXX_LIBRARY = "libc++";
				CLANG_ENABLE_MODULES = YES;
				CLANG_ENABLE_OBJC_ARC = YES;
				CLANG_ENABLE_OBJC_WEAK = YES;
				CLANG_WARN_BLOCK_CAPTURE_AUTORELEASING = YES;
				CLANG_WARN_BOOL_CONVERSION = YES;
				CLANG_WARN_COMMA = YES;
				CLANG_WARN_CONSTANT_CONVERSION = YES;
				CLANG_WARN_DEPRECATED_OBJC_IMPLEMENTATIONS = YES;
				CLANG_WARN_DIRECT_OBJC_ISA_USAGE = YES_ERROR;
				CLANG_WARN_DOCUMENTATION_COMMENTS = YES;
				CLANG_WARN_EMPTY_BODY = YES;
				CLANG_WARN_ENUM_CONVERSION = YES;
				CLANG_WARN_INFINITE_RECURSION = YES;
				CLANG_WARN_INT_CONVERSION = YES;
				CLANG_WARN_NON_LITERAL_NULL_CONVERSION = YES;
				CLANG_WARN_OBJC_IMPLICIT_RETAIN_SELF = YES;
				CLANG_WARN_OBJC_LITERAL_CONVERSION = YES;
				CLANG_WARN_OBJC_ROOT_CLASS = YES_ERROR;
				CLANG_WARN_RANGE_LOOP_ANALYSIS = YES;
				CLANG_WARN_STRICT_PROTOTYPES = YES;
				CLANG_WARN_SUSPICIOUS_MOVE = YES;
				CLANG_WARN_UNGUARDED_AVAILABILITY = YES_AGGRESSIVE;
				CLANG_WARN_UNREACHABLE_CODE = YES;
				CLANG_WARN__DUPLICATE_METHOD_MATCH = YES;
				CODE_SIGN_IDENTITY = "iPhone Developer";
				COPY_PHASE_STRIP = NO;
				DEBUG_INFORMATION_FORMAT = dwarf;
				ENABLE_STRICT_OBJC_MSGSEND = YES;
				ENABLE_TESTABILITY = YES;
				GCC_C_LANGUAGE_STANDARD = gnu11;
				GCC_DYNAMIC_NO_PIC = NO;
				GCC_NO_COMMON_BLOCKS = YES;
				GCC_OPTIMIZATION_LEVEL = 0;
				GCC_PREPROCESSOR_DEFINITIONS = (
					"DEBUG=1",
					"$(inherited)",
				);
				GCC_WARN_64_TO_32_BIT_CONVERSION = YES;
				GCC_WARN_ABOUT_RETURN_TYPE = YES_ERROR;
				GCC_WARN_UNDECLARED_SELECTOR = YES;
				GCC_WARN_UNINITIALIZED_AUTOS = YES_AGGRESSIVE;
				GCC_WARN_UNUSED_FUNCTION = YES;
				GCC_WARN_UNUSED_VARIABLE = YES;
				IPHONEOS_DEPLOYMENT_TARGET = 12.1;
				MTL_ENABLE_DEBUG_INFO = INCLUDE_SOURCE;
				MTL_FAST_MATH = YES;
				ONLY_ACTIVE_ARCH = YES;
				SDKROOT = iphoneos;
				SWIFT_ACTIVE_COMPILATION_CONDITIONS = DEBUG;
				SWIFT_OPTIMIZATION_LEVEL = "-Onone";
			};
			name = Debug;
		};
		4C0A383D21BDEC44003E70EF /* Release */ = {
			isa = XCBuildConfiguration;
			buildSettings = {
				ALWAYS_SEARCH_USER_PATHS = NO;
				CLANG_ANALYZER_NONNULL = YES;
				CLANG_ANALYZER_NUMBER_OBJECT_CONVERSION = YES_AGGRESSIVE;
				CLANG_CXX_LANGUAGE_STANDARD = "gnu++14";
				CLANG_CXX_LIBRARY = "libc++";
				CLANG_ENABLE_MODULES = YES;
				CLANG_ENABLE_OBJC_ARC = YES;
				CLANG_ENABLE_OBJC_WEAK = YES;
				CLANG_WARN_BLOCK_CAPTURE_AUTORELEASING = YES;
				CLANG_WARN_BOOL_CONVERSION = YES;
				CLANG_WARN_COMMA = YES;
				CLANG_WARN_CONSTANT_CONVERSION = YES;
				CLANG_WARN_DEPRECATED_OBJC_IMPLEMENTATIONS = YES;
				CLANG_WARN_DIRECT_OBJC_ISA_USAGE = YES_ERROR;
				CLANG_WARN_DOCUMENTATION_COMMENTS = YES;
				CLANG_WARN_EMPTY_BODY = YES;
				CLANG_WARN_ENUM_CONVERSION = YES;
				CLANG_WARN_INFINITE_RECURSION = YES;
				CLANG_WARN_INT_CONVERSION = YES;
				CLANG_WARN_NON_LITERAL_NULL_CONVERSION = YES;
				CLANG_WARN_OBJC_IMPLICIT_RETAIN_SELF = YES;
				CLANG_WARN_OBJC_LITERAL_CONVERSION = YES;
				CLANG_WARN_OBJC_ROOT_CLASS = YES_ERROR;
				CLANG_WARN_RANGE_LOOP_ANALYSIS = YES;
				CLANG_WARN_STRICT_PROTOTYPES = YES;
				CLANG_WARN_SUSPICIOUS_MOVE = YES;
				CLANG_WARN_UNGUARDED_AVAILABILITY = YES_AGGRESSIVE;
				CLANG_WARN_UNREACHABLE_CODE = YES;
				CLANG_WARN__DUPLICATE_METHOD_MATCH = YES;
				CODE_SIGN_IDENTITY = "iPhone Developer";
				COPY_PHASE_STRIP = NO;
				DEBUG_INFORMATION_FORMAT = "dwarf-with-dsym";
				ENABLE_NS_ASSERTIONS = NO;
				ENABLE_STRICT_OBJC_MSGSEND = YES;
				GCC_C_LANGUAGE_STANDARD = gnu11;
				GCC_NO_COMMON_BLOCKS = YES;
				GCC_WARN_64_TO_32_BIT_CONVERSION = YES;
				GCC_WARN_ABOUT_RETURN_TYPE = YES_ERROR;
				GCC_WARN_UNDECLARED_SELECTOR = YES;
				GCC_WARN_UNINITIALIZED_AUTOS = YES_AGGRESSIVE;
				GCC_WARN_UNUSED_FUNCTION = YES;
				GCC_WARN_UNUSED_VARIABLE = YES;
				IPHONEOS_DEPLOYMENT_TARGET = 12.1;
				MTL_ENABLE_DEBUG_INFO = NO;
				MTL_FAST_MATH = YES;
				SDKROOT = iphoneos;
				SWIFT_COMPILATION_MODE = wholemodule;
				SWIFT_OPTIMIZATION_LEVEL = "-O";
				VALIDATE_PRODUCT = YES;
			};
			name = Release;
		};
		4C0A383F21BDEC44003E70EF /* Debug */ = {
			isa = XCBuildConfiguration;
			baseConfigurationReference = 2BC85ED1AD4DC7D9F6417E5A /* Pods-httprequest.debug.xcconfig */;
			buildSettings = {
				ASSETCATALOG_COMPILER_APPICON_NAME = AppIcon;
				CODE_SIGN_STYLE = Automatic;
				DEVELOPMENT_TEAM = 7YP4YAF85F;
				INFOPLIST_FILE = httprequest/Info.plist;
				LD_RUNPATH_SEARCH_PATHS = (
					"$(inherited)",
					"@executable_path/Frameworks",
				);
				PRODUCT_BUNDLE_IDENTIFIER = com.michljams.httprequest;
				PRODUCT_NAME = "$(TARGET_NAME)";
				SWIFT_VERSION = 4.2;
				TARGETED_DEVICE_FAMILY = "1,2";
			};
			name = Debug;
		};
		4C0A384021BDEC44003E70EF /* Release */ = {
			isa = XCBuildConfiguration;
			baseConfigurationReference = 59A564CD139124C1F5ADEAEC /* Pods-httprequest.release.xcconfig */;
			buildSettings = {
				ASSETCATALOG_COMPILER_APPICON_NAME = AppIcon;
				CODE_SIGN_STYLE = Automatic;
				DEVELOPMENT_TEAM = 7YP4YAF85F;
				INFOPLIST_FILE = httprequest/Info.plist;
				LD_RUNPATH_SEARCH_PATHS = (
					"$(inherited)",
					"@executable_path/Frameworks",
				);
				PRODUCT_BUNDLE_IDENTIFIER = com.michljams.httprequest;
				PRODUCT_NAME = "$(TARGET_NAME)";
				SWIFT_VERSION = 4.2;
				TARGETED_DEVICE_FAMILY = "1,2";
			};
			name = Release;
		};
/* End XCBuildConfiguration section */

/* Begin XCConfigurationList section */
		4C0A382721BDEC43003E70EF /* Build configuration list for PBXProject "httprequest" */ = {
			isa = XCConfigurationList;
			buildConfigurations = (
				4C0A383C21BDEC44003E70EF /* Debug */,
				4C0A383D21BDEC44003E70EF /* Release */,
			);
			defaultConfigurationIsVisible = 0;
			defaultConfigurationName = Release;
		};
		4C0A383E21BDEC44003E70EF /* Build configuration list for PBXNativeTarget "httprequest" */ = {
			isa = XCConfigurationList;
			buildConfigurations = (
				4C0A383F21BDEC44003E70EF /* Debug */,
				4C0A384021BDEC44003E70EF /* Release */,
			);
			defaultConfigurationIsVisible = 0;
			defaultConfigurationName = Release;
		};
/* End XCConfigurationList section */
	};
	rootObject = 4C0A382421BDEC43003E70EF /* Project object */;
}
